
Microsoft Visual Studio Solution File, Format Version 12.00
# Visual Studio 2012
Project("{FAE04EC0-301F-11D3-BF4B-00C04F79EFBC}") = "EntidadesAbstractas", "EbtidadesAbstractas\EntidadesAbstractas.csproj", "{428713BF-5418-4D14-A5EA-B0D2B64CFB94}"
EndProject
Project("{FAE04EC0-301F-11D3-BF4B-00C04F79EFBC}") = "EntidadesInstanciables", "EntidadesInstanciables\EntidadesInstanciables.csproj", "{F98A119C-3636-4A5E-93A6-3E6583D8EE2B}"
EndProject
Project("{FAE04EC0-301F-11D3-BF4B-00C04F79EFBC}") = "AplicacionDeConsola", "Program\AplicacionDeConsola.csproj", "{2D2EAEB0-7FD6-4969-A3C3-765CB49E205A}"
EndProject
Project("{FAE04EC0-301F-11D3-BF4B-00C04F79EFBC}") = "Excepciones", "Exepciones\Excepciones.csproj", "{82017ABF-3801-4A3C-8620-B220FA6E3706}"
EndProject
Project("{FAE04EC0-301F-11D3-BF4B-00C04F79EFBC}") = "Archivos", "Archivos\Archivos.csproj", "{25343F60-E8AB-47D1-B08E-0782938F1CFC}"
EndProject
Global
	GlobalSection(SolutionConfigurationPlatforms) = preSolution
		Debug|Any CPU = Debug|Any CPU
		Release|Any CPU = Release|Any CPU
	EndGlobalSection
	GlobalSection(ProjectConfigurationPlatforms) = postSolution
		{428713BF-5418-4D14-A5EA-B0D2B64CFB94}.Debug|Any CPU.ActiveCfg = Debug|Any CPU
		{428713BF-5418-4D14-A5EA-B0D2B64CFB94}.Debug|Any CPU.Build.0 = Debug|Any CPU
		{428713BF-5418-4D14-A5EA-B0D2B64CFB94}.Release|Any CPU.ActiveCfg = Release|Any CPU
		{428713BF-5418-4D14-A5EA-B0D2B64CFB94}.Release|Any CPU.Build.0 = Release|Any CPU
		{F98A119C-3636-4A5E-93A6-3E6583D8EE2B}.Debug|Any CPU.ActiveCfg = Debug|Any CPU
		{F98A119C-3636-4A5E-93A6-3E6583D8EE2B}.Debug|Any CPU.Build.0 = Debug|Any CPU
		{F98A119C-3636-4A5E-93A6-3E6583D8EE2B}.Release|Any CPU.ActiveCfg = Release|Any CPU
		{F98A119C-3636-4A5E-93A6-3E6583D8EE2B}.Release|Any CPU.Build.0 = Release|Any CPU
		{2D2EAEB0-7FD6-4969-A3C3-765CB49E205A}.Debug|Any CPU.ActiveCfg = Debug|Any CPU
		{2D2EAEB0-7FD6-4969-A3C3-765CB49E205A}.Debug|Any CPU.Build.0 = Debug|Any CPU
		{2D2EAEB0-7FD6-4969-A3C3-765CB49E205A}.Release|Any CPU.ActiveCfg = Release|Any CPU
		{2D2EAEB0-7FD6-4969-A3C3-765CB49E205A}.Release|Any CPU.Build.0 = Release|Any CPU
		{82017ABF-3801-4A3C-8620-B220FA6E3706}.Debug|Any CPU.ActiveCfg = Debug|Any CPU
		{82017ABF-3801-4A3C-8620-B220FA6E3706}.Debug|Any CPU.Build.0 = Debug|Any CPU
		{82017ABF-3801-4A3C-8620-B220FA6E3706}.Release|Any CPU.ActiveCfg = Release|Any CPU
		{82017ABF-3801-4A3C-8620-B220FA6E3706}.Release|Any CPU.Build.0 = Release|Any CPU
		{25343F60-E8AB-47D1-B08E-0782938F1CFC}.Debug|Any CPU.ActiveCfg = Debug|Any CPU
		{25343F60-E8AB-47D1-B08E-0782938F1CFC}.Debug|Any CPU.Build.0 = Debug|Any CPU
		{25343F60-E8AB-47D1-B08E-0782938F1CFC}.Release|Any CPU.ActiveCfg = Release|Any CPU
		{25343F60-E8AB-47D1-B08E-0782938F1CFC}.Release|Any CPU.Build.0 = Release|Any CPU
	EndGlobalSection
	GlobalSection(SolutionProperties) = preSolution
		HideSolutionNode = FALSE
	EndGlobalSection
EndGlobal
